// !$*UTF8*$!
{
	archiveVersion = 1;
	classes = {
	};
	objectVersion = 54;
	objects = {

/* Begin PBXBuildFile section */
		771A5C792EA962CE00AE29FB /* DaonAuthenticatorFaceIFP in Frameworks */ = {isa = PBXBuildFile; productRef = 771A5C782EA962CE00AE29FB /* DaonAuthenticatorFaceIFP */; };
		771A5C7B2EA962CE00AE29FB /* DaonAuthenticatorPasscode in Frameworks */ = {isa = PBXBuildFile; productRef = 771A5C7A2EA962CE00AE29FB /* DaonAuthenticatorPasscode */; };
		771A5C7D2EA962CE00AE29FB /* DaonAuthenticatorVoice in Frameworks */ = {isa = PBXBuildFile; productRef = 771A5C7C2EA962CE00AE29FB /* DaonAuthenticatorVoice */; };
		771A5C7F2EA962CE00AE29FB /* DaonFIDOSDK in Frameworks */ = {isa = PBXBuildFile; productRef = 771A5C7E2EA962CE00AE29FB /* DaonFIDOSDK */; };
		772B6C602CDE40A300F1923A /* DASFaceIFPAuthenticatorViewController.swift in Sources */ = {isa = PBXBuildFile; fileRef = 772B6C5F2CDE40A300F1923A /* DASFaceIFPAuthenticatorViewController.swift */; };
		772B6C622CDE40BF00F1923A /* DASFaceIFPAuthenticatorViewController.xib in Resources */ = {isa = PBXBuildFile; fileRef = 772B6C612CDE40BF00F1923A /* DASFaceIFPAuthenticatorViewController.xib */; };
		7772B2642D79E55A0008F672 /* CustomUIHostingController.swift in Sources */ = {isa = PBXBuildFile; fileRef = 7772B25E2D79E55A0008F672 /* CustomUIHostingController.swift */; };
		7772B2652D79E55A0008F672 /* LocalAuthenticationView.swift in Sources */ = {isa = PBXBuildFile; fileRef = 7772B2612D79E55A0008F672 /* LocalAuthenticationView.swift */; };
		7772B2662D79E55A0008F672 /* PasscodeView.swift in Sources */ = {isa = PBXBuildFile; fileRef = 7772B2632D79E55A0008F672 /* PasscodeView.swift */; };
		7772B2672D79E55A0008F672 /* ErrorView.swift in Sources */ = {isa = PBXBuildFile; fileRef = 7772B25F2D79E55A0008F672 /* ErrorView.swift */; };
		7772B2682D79E55A0008F672 /* ActivityIndicator.swift in Sources */ = {isa = PBXBuildFile; fileRef = 7772B25D2D79E55A0008F672 /* ActivityIndicator.swift */; };
		7772B2692D79E55A0008F672 /* FaceView.swift in Sources */ = {isa = PBXBuildFile; fileRef = 7772B2602D79E55A0008F672 /* FaceView.swift */; };
		7772B26A2D79E55A0008F672 /* ORView.swift in Sources */ = {isa = PBXBuildFile; fileRef = 7772B2622D79E55A0008F672 /* ORView.swift */; };
		778CB8412D7A430B00546981 /* VoiceView.swift in Sources */ = {isa = PBXBuildFile; fileRef = 778CB8402D7A430B00546981 /* VoiceView.swift */; };
		77A05D212DBBB83E00B5D015 /* FaceCustomView.swift in Sources */ = {isa = PBXBuildFile; fileRef = 77A05D202DBBB82A00B5D015 /* FaceCustomView.swift */; };
		77A05D232DBBB92500B5D015 /* FaceViewModel.swift in Sources */ = {isa = PBXBuildFile; fileRef = 77A05D222DBBB91900B5D015 /* FaceViewModel.swift */; };
		77CE70F62E38019D00C73763 /* IdentityX.swift in Sources */ = {isa = PBXBuildFile; fileRef = 77CE70F32E38019D00C73763 /* IdentityX.swift */; };
		77CE70F72E38019D00C73763 /* IXUAFRESTService.swift in Sources */ = {isa = PBXBuildFile; fileRef = 77CE70F42E38019D00C73763 /* IXUAFRESTService.swift */; };
		77CE70F82E38019D00C73763 /* DeregistrationRequest.swift in Sources */ = {isa = PBXBuildFile; fileRef = 77CE70EA2E38019D00C73763 /* DeregistrationRequest.swift */; };
		77CE70F92E38019D00C73763 /* Users.swift in Sources */ = {isa = PBXBuildFile; fileRef = 77CE70EF2E38019D00C73763 /* Users.swift */; };
		77CE70FA2E38019D00C73763 /* RegistrationChallenge.swift in Sources */ = {isa = PBXBuildFile; fileRef = 77CE70ED2E38019D00C73763 /* RegistrationChallenge.swift */; };
		77CE70FB2E38019D00C73763 /* HTTP.swift in Sources */ = {isa = PBXBuildFile; fileRef = 77CE70F12E38019D00C73763 /* HTTP.swift */; };
		77CE70FC2E38019D00C73763 /* HTTPError.swift in Sources */ = {isa = PBXBuildFile; fileRef = 77CE70F22E38019D00C73763 /* HTTPError.swift */; };
		77CE70FD2E38019D00C73763 /* Authenticators.swift in Sources */ = {isa = PBXBuildFile; fileRef = 77CE70E92E38019D00C73763 /* Authenticators.swift */; };
		77CE70FE2E38019D00C73763 /* User.swift in Sources */ = {isa = PBXBuildFile; fileRef = 77CE70EE2E38019D00C73763 /* User.swift */; };
		77CE70FF2E38019D00C73763 /* PolicyItem.swift in Sources */ = {isa = PBXBuildFile; fileRef = 77CE70EC2E38019D00C73763 /* PolicyItem.swift */; };
		77CE71002E38019D00C73763 /* AuthenticationRequest.swift in Sources */ = {isa = PBXBuildFile; fileRef = 77CE70E72E38019D00C73763 /* AuthenticationRequest.swift */; };
		77CE71012E38019D00C73763 /* Authenticator.swift in Sources */ = {isa = PBXBuildFile; fileRef = 77CE70E82E38019D00C73763 /* Authenticator.swift */; };
		77CE71022E38019D00C73763 /* Policies.swift in Sources */ = {isa = PBXBuildFile; fileRef = 77CE70EB2E38019D00C73763 /* Policies.swift */; };
		77CE71142E38022B00C73763 /* RegisterAuthenticatorResponse.swift in Sources */ = {isa = PBXBuildFile; fileRef = 77CE710B2E38022B00C73763 /* RegisterAuthenticatorResponse.swift */; };
		77CE71152E38022B00C73763 /* CreateAccountResponse.swift in Sources */ = {isa = PBXBuildFile; fileRef = 77CE71052E38022B00C73763 /* CreateAccountResponse.swift */; };
		77CE71162E38022B00C73763 /* VerifyAuthenticationResponse.swift in Sources */ = {isa = PBXBuildFile; fileRef = 77CE710E2E38022B00C73763 /* VerifyAuthenticationResponse.swift */; };
		77CE71172E38022B00C73763 /* GetAuthenticatorResponse.swift in Sources */ = {isa = PBXBuildFile; fileRef = 77CE71082E38022B00C73763 /* GetAuthenticatorResponse.swift */; };
		77CE71182E38022B00C73763 /* AuthenticatorInfo.swift in Sources */ = {isa = PBXBuildFile; fileRef = 77CE71032E38022B00C73763 /* AuthenticatorInfo.swift */; };
		77CE71192E38022B00C73763 /* ServerOperationError.swift in Sources */ = {isa = PBXBuildFile; fileRef = 77CE71122E38022B00C73763 /* ServerOperationError.swift */; };
		77CE711A2E38022B00C73763 /* GetPolicyResponse.swift in Sources */ = {isa = PBXBuildFile; fileRef = 77CE71092E38022B00C73763 /* GetPolicyResponse.swift */; };
		77CE711B2E38022B00C73763 /* CreateSessionResponse.swift in Sources */ = {isa = PBXBuildFile; fileRef = 77CE71062E38022B00C73763 /* CreateSessionResponse.swift */; };
		77CE711C2E38022B00C73763 /* ListAuthenticatorsResponse.swift in Sources */ = {isa = PBXBuildFile; fileRef = 77CE710A2E38022B00C73763 /* ListAuthenticatorsResponse.swift */; };
		77CE711D2E38022B00C73763 /* DeregisterAuthenticatorResponse.swift in Sources */ = {isa = PBXBuildFile; fileRef = 77CE71072E38022B00C73763 /* DeregisterAuthenticatorResponse.swift */; };
		77CE711E2E38022B00C73763 /* IXUAFRPSAService.swift in Sources */ = {isa = PBXBuildFile; fileRef = 77CE71102E38022B00C73763 /* IXUAFRPSAService.swift */; };
		77CE711F2E38022B00C73763 /* ServerOperation.swift in Sources */ = {isa = PBXBuildFile; fileRef = 77CE71112E38022B00C73763 /* ServerOperation.swift */; };
		77CE71202E38022B00C73763 /* RequestAuthenticationResponse.swift in Sources */ = {isa = PBXBuildFile; fileRef = 77CE710C2E38022B00C73763 /* RequestAuthenticationResponse.swift */; };
		77CE71212E38022B00C73763 /* RequestRegistrationResponse.swift in Sources */ = {isa = PBXBuildFile; fileRef = 77CE710D2E38022B00C73763 /* RequestRegistrationResponse.swift */; };
		77CE71222E38022B00C73763 /* BaseNetworkResponse.swift in Sources */ = {isa = PBXBuildFile; fileRef = 77CE71042E38022B00C73763 /* BaseNetworkResponse.swift */; };
		C3721AA32318127E0018A048 /* DAS-Images.xcassets in Resources */ = {isa = PBXBuildFile; fileRef = C3721AA22318127E0018A048 /* DAS-Images.xcassets */; };
		C3721AA72318128D0018A048 /* DASAndPolicyViewController.swift in Sources */ = {isa = PBXBuildFile; fileRef = C3721AA42318128C0018A048 /* DASAndPolicyViewController.swift */; };
		C3721AA92318128D0018A048 /* DASOrPolicyViewController.swift in Sources */ = {isa = PBXBuildFile; fileRef = C3721AA62318128D0018A048 /* DASOrPolicyViewController.swift */; };
		C3721AAD2318129E0018A048 /* DASOrPolicyViewController.xib in Resources */ = {isa = PBXBuildFile; fileRef = C3721AAB2318129E0018A048 /* DASOrPolicyViewController.xib */; };
		FB083678267CFBA900F124E8 /* DASCircularLevelMeter.swift in Sources */ = {isa = PBXBuildFile; fileRef = FB083676267CFBA900F124E8 /* DASCircularLevelMeter.swift */; };
		FB2CF51F22148C7600846C06 /* defaultPrefs.plist in Resources */ = {isa = PBXBuildFile; fileRef = FB2CF51E22148C7600846C06 /* defaultPrefs.plist */; };
		FB2CF521221491F900846C06 /* SettingsTableViewController.swift in Sources */ = {isa = PBXBuildFile; fileRef = FB2CF520221491F900846C06 /* SettingsTableViewController.swift */; };
		FB2CF5232214924400846C06 /* SwitchTableViewCell.swift in Sources */ = {isa = PBXBuildFile; fileRef = FB2CF5222214924400846C06 /* SwitchTableViewCell.swift */; };
		FB2CF5292215A8C200846C06 /* StatusViewController.swift in Sources */ = {isa = PBXBuildFile; fileRef = FB2CF5282215A8C200846C06 /* StatusViewController.swift */; };
		FB36263D220B1E0300CB5C56 /* AppDelegate.swift in Sources */ = {isa = PBXBuildFile; fileRef = FB36263C220B1E0300CB5C56 /* AppDelegate.swift */; };
		FB36263F220B1E0300CB5C56 /* ViewController.swift in Sources */ = {isa = PBXBuildFile; fileRef = FB36263E220B1E0300CB5C56 /* ViewController.swift */; };
		FB362642220B1E0300CB5C56 /* Main.storyboard in Resources */ = {isa = PBXBuildFile; fileRef = FB362640220B1E0300CB5C56 /* Main.storyboard */; };
		FB362644220B1E0600CB5C56 /* Assets.xcassets in Resources */ = {isa = PBXBuildFile; fileRef = FB362643220B1E0600CB5C56 /* Assets.xcassets */; };
		FB362647220B1E0600CB5C56 /* LaunchScreen.storyboard in Resources */ = {isa = PBXBuildFile; fileRef = FB362645220B1E0600CB5C56 /* LaunchScreen.storyboard */; };
		FB36266B220B2FDE00CB5C56 /* license.txt in Resources */ = {isa = PBXBuildFile; fileRef = FB362661220B2FDE00CB5C56 /* license.txt */; };
		FB36266D220B2FDE00CB5C56 /* Settings.swift in Sources */ = {isa = PBXBuildFile; fileRef = FB362663220B2FDE00CB5C56 /* Settings.swift */; };
		FB36266E220B2FDE00CB5C56 /* Logging.swift in Sources */ = {isa = PBXBuildFile; fileRef = FB362664220B2FDE00CB5C56 /* Logging.swift */; };
		FB362674220C93C600CB5C56 /* Localizable.strings in Resources */ = {isa = PBXBuildFile; fileRef = FB362670220C93C600CB5C56 /* Localizable.strings */; };
		FBBA6DC0238C73F900BC6C25 /* DAS-Localizable.strings in Resources */ = {isa = PBXBuildFile; fileRef = FBBA6DBF238C73F900BC6C25 /* DAS-Localizable.strings */; };
		FBF597F7230B2FF700D9AAA6 /* DAS-Errors.strings in Resources */ = {isa = PBXBuildFile; fileRef = FBF597F6230B2FF700D9AAA6 /* DAS-Errors.strings */; };
		FBF59811230B304D00D9AAA6 /* DASFaceIdAuthenticatorViewController.xib in Resources */ = {isa = PBXBuildFile; fileRef = FBF597FD230B304C00D9AAA6 /* DASFaceIdAuthenticatorViewController.xib */; };
		FBF59812230B304D00D9AAA6 /* DASVoiceAuthenticatorViewController.xib in Resources */ = {isa = PBXBuildFile; fileRef = FBF597FE230B304C00D9AAA6 /* DASVoiceAuthenticatorViewController.xib */; };
		FBF59814230B304D00D9AAA6 /* DASFingerprintAuthenticatorViewController.xib in Resources */ = {isa = PBXBuildFile; fileRef = FBF59800230B304C00D9AAA6 /* DASFingerprintAuthenticatorViewController.xib */; };
		FBF59816230B304D00D9AAA6 /* DASVoiceAuthenticatorViewController.swift in Sources */ = {isa = PBXBuildFile; fileRef = FBF59802230B304C00D9AAA6 /* DASVoiceAuthenticatorViewController.swift */; };
		FBF59819230B304D00D9AAA6 /* DASPasswordAuthenticatorViewController.xib in Resources */ = {isa = PBXBuildFile; fileRef = FBF59805230B304C00D9AAA6 /* DASPasswordAuthenticatorViewController.xib */; };
		FBF5981A230B304D00D9AAA6 /* DASFaceIdAuthenticatorViewController.swift in Sources */ = {isa = PBXBuildFile; fileRef = FBF59806230B304C00D9AAA6 /* DASFaceIdAuthenticatorViewController.swift */; };
		FBF5981B230B304D00D9AAA6 /* DASFingerprintAuthenticatorViewController.swift in Sources */ = {isa = PBXBuildFile; fileRef = FBF59807230B304C00D9AAA6 /* DASFingerprintAuthenticatorViewController.swift */; };
		FBF5981D230B304D00D9AAA6 /* DASPasswordAuthenticatorViewController.swift in Sources */ = {isa = PBXBuildFile; fileRef = FBF59809230B304C00D9AAA6 /* DASPasswordAuthenticatorViewController.swift */; };
		FBF5981F230B304D00D9AAA6 /* DASAuthenticatorViewControllerBase.swift in Sources */ = {isa = PBXBuildFile; fileRef = FBF5980B230B304C00D9AAA6 /* DASAuthenticatorViewControllerBase.swift */; };
/* End PBXBuildFile section */

/* Begin PBXFileReference section */
		772B6C5F2CDE40A300F1923A /* DASFaceIFPAuthenticatorViewController.swift */ = {isa = PBXFileReference; lastKnownFileType = sourcecode.swift; name = DASFaceIFPAuthenticatorViewController.swift; path = "../../../Customization/View-Controller-Samples/Code/Swift/DASFaceIFPAuthenticatorViewController.swift"; sourceTree = "<group>"; };
		772B6C612CDE40BF00F1923A /* DASFaceIFPAuthenticatorViewController.xib */ = {isa = PBXFileReference; lastKnownFileType = file.xib; name = DASFaceIFPAuthenticatorViewController.xib; path = "../../../Customization/View-Controller-Samples/Resources/XIB/DASFaceIFPAuthenticatorViewController.xib"; sourceTree = "<group>"; };
		7772B25D2D79E55A0008F672 /* ActivityIndicator.swift */ = {isa = PBXFileReference; lastKnownFileType = sourcecode.swift; name = ActivityIndicator.swift; path = ../../../Customization/SwiftUI/ActivityIndicator.swift; sourceTree = "<group>"; };
		7772B25E2D79E55A0008F672 /* CustomUIHostingController.swift */ = {isa = PBXFileReference; lastKnownFileType = sourcecode.swift; name = CustomUIHostingController.swift; path = ../../Customization/SwiftUI/CustomUIHostingController.swift; sourceTree = SOURCE_ROOT; };
		7772B25F2D79E55A0008F672 /* ErrorView.swift */ = {isa = PBXFileReference; lastKnownFileType = sourcecode.swift; name = ErrorView.swift; path = ../../../Customization/SwiftUI/ErrorView.swift; sourceTree = "<group>"; };
		7772B2602D79E55A0008F672 /* FaceView.swift */ = {isa = PBXFileReference; lastKnownFileType = sourcecode.swift; name = FaceView.swift; path = ../../../Customization/SwiftUI/FaceView.swift; sourceTree = "<group>"; };
		7772B2612D79E55A0008F672 /* LocalAuthenticationView.swift */ = {isa = PBXFileReference; lastKnownFileType = sourcecode.swift; name = LocalAuthenticationView.swift; path = ../../../Customization/SwiftUI/LocalAuthenticationView.swift; sourceTree = "<group>"; };
		7772B2622D79E55A0008F672 /* ORView.swift */ = {isa = PBXFileReference; lastKnownFileType = sourcecode.swift; name = ORView.swift; path = ../../../Customization/SwiftUI/ORView.swift; sourceTree = "<group>"; };
		7772B2632D79E55A0008F672 /* PasscodeView.swift */ = {isa = PBXFileReference; lastKnownFileType = sourcecode.swift; name = PasscodeView.swift; path = ../../../Customization/SwiftUI/PasscodeView.swift; sourceTree = "<group>"; };
		778CB8402D7A430B00546981 /* VoiceView.swift */ = {isa = PBXFileReference; lastKnownFileType = sourcecode.swift; name = VoiceView.swift; path = ../../../Customization/SwiftUI/VoiceView.swift; sourceTree = "<group>"; };
		77A05D202DBBB82A00B5D015 /* FaceCustomView.swift */ = {isa = PBXFileReference; lastKnownFileType = sourcecode.swift; name = FaceCustomView.swift; path = ../../../Customization/SwiftUI/FaceCustomView.swift; sourceTree = "<group>"; };
		77A05D222DBBB91900B5D015 /* FaceViewModel.swift */ = {isa = PBXFileReference; lastKnownFileType = sourcecode.swift; name = FaceViewModel.swift; path = ../../../Customization/SwiftUI/FaceViewModel.swift; sourceTree = "<group>"; };
		77CE70E72E38019D00C73763 /* AuthenticationRequest.swift */ = {isa = PBXFileReference; lastKnownFileType = sourcecode.swift; path = AuthenticationRequest.swift; sourceTree = "<group>"; };
		77CE70E82E38019D00C73763 /* Authenticator.swift */ = {isa = PBXFileReference; lastKnownFileType = sourcecode.swift; path = Authenticator.swift; sourceTree = "<group>"; };
		77CE70E92E38019D00C73763 /* Authenticators.swift */ = {isa = PBXFileReference; lastKnownFileType = sourcecode.swift; path = Authenticators.swift; sourceTree = "<group>"; };
		77CE70EA2E38019D00C73763 /* DeregistrationRequest.swift */ = {isa = PBXFileReference; lastKnownFileType = sourcecode.swift; path = DeregistrationRequest.swift; sourceTree = "<group>"; };
		77CE70EB2E38019D00C73763 /* Policies.swift */ = {isa = PBXFileReference; lastKnownFileType = sourcecode.swift; path = Policies.swift; sourceTree = "<group>"; };
		77CE70EC2E38019D00C73763 /* PolicyItem.swift */ = {isa = PBXFileReference; lastKnownFileType = sourcecode.swift; path = PolicyItem.swift; sourceTree = "<group>"; };
		77CE70ED2E38019D00C73763 /* RegistrationChallenge.swift */ = {isa = PBXFileReference; lastKnownFileType = sourcecode.swift; path = RegistrationChallenge.swift; sourceTree = "<group>"; };
		77CE70EE2E38019D00C73763 /* User.swift */ = {isa = PBXFileReference; lastKnownFileType = sourcecode.swift; path = User.swift; sourceTree = "<group>"; };
		77CE70EF2E38019D00C73763 /* Users.swift */ = {isa = PBXFileReference; lastKnownFileType = sourcecode.swift; path = Users.swift; sourceTree = "<group>"; };
		77CE70F12E38019D00C73763 /* HTTP.swift */ = {isa = PBXFileReference; lastKnownFileType = sourcecode.swift; path = HTTP.swift; sourceTree = "<group>"; };
		77CE70F22E38019D00C73763 /* HTTPError.swift */ = {isa = PBXFileReference; lastKnownFileType = sourcecode.swift; path = HTTPError.swift; sourceTree = "<group>"; };
		77CE70F32E38019D00C73763 /* IdentityX.swift */ = {isa = PBXFileReference; lastKnownFileType = sourcecode.swift; path = IdentityX.swift; sourceTree = "<group>"; };
		77CE70F42E38019D00C73763 /* IXUAFRESTService.swift */ = {isa = PBXFileReference; lastKnownFileType = sourcecode.swift; path = IXUAFRESTService.swift; sourceTree = "<group>"; };
		77CE71032E38022B00C73763 /* AuthenticatorInfo.swift */ = {isa = PBXFileReference; lastKnownFileType = sourcecode.swift; path = AuthenticatorInfo.swift; sourceTree = "<group>"; };
		77CE71042E38022B00C73763 /* BaseNetworkResponse.swift */ = {isa = PBXFileReference; lastKnownFileType = sourcecode.swift; path = BaseNetworkResponse.swift; sourceTree = "<group>"; };
		77CE71052E38022B00C73763 /* CreateAccountResponse.swift */ = {isa = PBXFileReference; lastKnownFileType = sourcecode.swift; path = CreateAccountResponse.swift; sourceTree = "<group>"; };
		77CE71062E38022B00C73763 /* CreateSessionResponse.swift */ = {isa = PBXFileReference; lastKnownFileType = sourcecode.swift; path = CreateSessionResponse.swift; sourceTree = "<group>"; };
		77CE71072E38022B00C73763 /* DeregisterAuthenticatorResponse.swift */ = {isa = PBXFileReference; lastKnownFileType = sourcecode.swift; path = DeregisterAuthenticatorResponse.swift; sourceTree = "<group>"; };
		77CE71082E38022B00C73763 /* GetAuthenticatorResponse.swift */ = {isa = PBXFileReference; lastKnownFileType = sourcecode.swift; path = GetAuthenticatorResponse.swift; sourceTree = "<group>"; };
		77CE71092E38022B00C73763 /* GetPolicyResponse.swift */ = {isa = PBXFileReference; lastKnownFileType = sourcecode.swift; path = GetPolicyResponse.swift; sourceTree = "<group>"; };
		77CE710A2E38022B00C73763 /* ListAuthenticatorsResponse.swift */ = {isa = PBXFileReference; lastKnownFileType = sourcecode.swift; path = ListAuthenticatorsResponse.swift; sourceTree = "<group>"; };
		77CE710B2E38022B00C73763 /* RegisterAuthenticatorResponse.swift */ = {isa = PBXFileReference; lastKnownFileType = sourcecode.swift; path = RegisterAuthenticatorResponse.swift; sourceTree = "<group>"; };
		77CE710C2E38022B00C73763 /* RequestAuthenticationResponse.swift */ = {isa = PBXFileReference; lastKnownFileType = sourcecode.swift; path = RequestAuthenticationResponse.swift; sourceTree = "<group>"; };
		77CE710D2E38022B00C73763 /* RequestRegistrationResponse.swift */ = {isa = PBXFileReference; lastKnownFileType = sourcecode.swift; path = RequestRegistrationResponse.swift; sourceTree = "<group>"; };
		77CE710E2E38022B00C73763 /* VerifyAuthenticationResponse.swift */ = {isa = PBXFileReference; lastKnownFileType = sourcecode.swift; path = VerifyAuthenticationResponse.swift; sourceTree = "<group>"; };
		77CE71102E38022B00C73763 /* IXUAFRPSAService.swift */ = {isa = PBXFileReference; lastKnownFileType = sourcecode.swift; path = IXUAFRPSAService.swift; sourceTree = "<group>"; };
		77CE71112E38022B00C73763 /* ServerOperation.swift */ = {isa = PBXFileReference; lastKnownFileType = sourcecode.swift; path = ServerOperation.swift; sourceTree = "<group>"; };
		77CE71122E38022B00C73763 /* ServerOperationError.swift */ = {isa = PBXFileReference; lastKnownFileType = sourcecode.swift; path = ServerOperationError.swift; sourceTree = "<group>"; };
		C3721AA22318127E0018A048 /* DAS-Images.xcassets */ = {isa = PBXFileReference; lastKnownFileType = folder.assetcatalog; name = "DAS-Images.xcassets"; path = "../../../Customization/View-Controller-Samples/Resources/Images/DAS-Images.xcassets"; sourceTree = "<group>"; };
		C3721AA42318128C0018A048 /* DASAndPolicyViewController.swift */ = {isa = PBXFileReference; fileEncoding = 4; lastKnownFileType = sourcecode.swift; name = DASAndPolicyViewController.swift; path = "../../../Customization/View-Controller-Samples/Code/Swift/DASAndPolicyViewController.swift"; sourceTree = "<group>"; };
		C3721AA62318128D0018A048 /* DASOrPolicyViewController.swift */ = {isa = PBXFileReference; fileEncoding = 4; lastKnownFileType = sourcecode.swift; name = DASOrPolicyViewController.swift; path = "../../../Customization/View-Controller-Samples/Code/Swift/DASOrPolicyViewController.swift"; sourceTree = "<group>"; };
		C3721AAB2318129E0018A048 /* DASOrPolicyViewController.xib */ = {isa = PBXFileReference; fileEncoding = 4; lastKnownFileType = file.xib; name = DASOrPolicyViewController.xib; path = "../../../Customization/View-Controller-Samples/Resources/XIB/DASOrPolicyViewController.xib"; sourceTree = "<group>"; };
		FB083676267CFBA900F124E8 /* DASCircularLevelMeter.swift */ = {isa = PBXFileReference; fileEncoding = 4; lastKnownFileType = sourcecode.swift; name = DASCircularLevelMeter.swift; path = "../../../Customization/View-Controller-Samples/Code/Swift/Controls/DASCircularLevelMeter.swift"; sourceTree = "<group>"; };
		FB2CF51E22148C7600846C06 /* defaultPrefs.plist */ = {isa = PBXFileReference; fileEncoding = 4; lastKnownFileType = text.plist.xml; path = defaultPrefs.plist; sourceTree = "<group>"; };
		FB2CF520221491F900846C06 /* SettingsTableViewController.swift */ = {isa = PBXFileReference; fileEncoding = 4; lastKnownFileType = sourcecode.swift; path = SettingsTableViewController.swift; sourceTree = "<group>"; };
		FB2CF5222214924400846C06 /* SwitchTableViewCell.swift */ = {isa = PBXFileReference; fileEncoding = 4; lastKnownFileType = sourcecode.swift; path = SwitchTableViewCell.swift; sourceTree = "<group>"; };
		FB2CF5272214BDA700846C06 /* SDKDemo.entitlements */ = {isa = PBXFileReference; lastKnownFileType = text.plist.entitlements; path = SDKDemo.entitlements; sourceTree = "<group>"; };
		FB2CF5282215A8C200846C06 /* StatusViewController.swift */ = {isa = PBXFileReference; lastKnownFileType = sourcecode.swift; path = StatusViewController.swift; sourceTree = "<group>"; };
		FB362639220B1E0300CB5C56 /* SDKDemo.app */ = {isa = PBXFileReference; explicitFileType = wrapper.application; includeInIndex = 0; path = SDKDemo.app; sourceTree = BUILT_PRODUCTS_DIR; };
		FB36263C220B1E0300CB5C56 /* AppDelegate.swift */ = {isa = PBXFileReference; lastKnownFileType = sourcecode.swift; path = AppDelegate.swift; sourceTree = "<group>"; };
		FB36263E220B1E0300CB5C56 /* ViewController.swift */ = {isa = PBXFileReference; lastKnownFileType = sourcecode.swift; path = ViewController.swift; sourceTree = "<group>"; };
		FB362641220B1E0300CB5C56 /* Base */ = {isa = PBXFileReference; lastKnownFileType = file.storyboard; name = Base; path = Base.lproj/Main.storyboard; sourceTree = "<group>"; };
		FB362643220B1E0600CB5C56 /* Assets.xcassets */ = {isa = PBXFileReference; lastKnownFileType = folder.assetcatalog; path = Assets.xcassets; sourceTree = "<group>"; };
		FB362646220B1E0600CB5C56 /* Base */ = {isa = PBXFileReference; lastKnownFileType = file.storyboard; name = Base; path = Base.lproj/LaunchScreen.storyboard; sourceTree = "<group>"; };
		FB362648220B1E0600CB5C56 /* Info.plist */ = {isa = PBXFileReference; lastKnownFileType = text.plist.xml; path = Info.plist; sourceTree = "<group>"; };
		FB362661220B2FDE00CB5C56 /* license.txt */ = {isa = PBXFileReference; fileEncoding = 4; lastKnownFileType = text; path = license.txt; sourceTree = "<group>"; };
		FB362663220B2FDE00CB5C56 /* Settings.swift */ = {isa = PBXFileReference; fileEncoding = 4; lastKnownFileType = sourcecode.swift; path = Settings.swift; sourceTree = "<group>"; };
		FB362664220B2FDE00CB5C56 /* Logging.swift */ = {isa = PBXFileReference; fileEncoding = 4; lastKnownFileType = sourcecode.swift; path = Logging.swift; sourceTree = "<group>"; };
		FB362671220C93C600CB5C56 /* Base */ = {isa = PBXFileReference; lastKnownFileType = text.plist.strings; name = Base; path = Base.lproj/Localizable.strings; sourceTree = "<group>"; };
		FBBA6DBF238C73F900BC6C25 /* DAS-Localizable.strings */ = {isa = PBXFileReference; fileEncoding = 4; lastKnownFileType = text.plist.strings; name = "DAS-Localizable.strings"; path = "../../../Customization/Strings/DAS-Localizable.strings"; sourceTree = "<group>"; };
		FBF597F6230B2FF700D9AAA6 /* DAS-Errors.strings */ = {isa = PBXFileReference; fileEncoding = 4; lastKnownFileType = text.plist.strings; name = "DAS-Errors.strings"; path = "../../../Customization/Strings/DAS-Errors.strings"; sourceTree = "<group>"; };
		FBF597FD230B304C00D9AAA6 /* DASFaceIdAuthenticatorViewController.xib */ = {isa = PBXFileReference; fileEncoding = 4; lastKnownFileType = file.xib; name = DASFaceIdAuthenticatorViewController.xib; path = "../../../Customization/View-Controller-Samples/Resources/XIB/DASFaceIdAuthenticatorViewController.xib"; sourceTree = "<group>"; };
		FBF597FE230B304C00D9AAA6 /* DASVoiceAuthenticatorViewController.xib */ = {isa = PBXFileReference; fileEncoding = 4; lastKnownFileType = file.xib; name = DASVoiceAuthenticatorViewController.xib; path = "../../../Customization/View-Controller-Samples/Resources/XIB/DASVoiceAuthenticatorViewController.xib"; sourceTree = "<group>"; };
		FBF59800230B304C00D9AAA6 /* DASFingerprintAuthenticatorViewController.xib */ = {isa = PBXFileReference; fileEncoding = 4; lastKnownFileType = file.xib; name = DASFingerprintAuthenticatorViewController.xib; path = "../../../Customization/View-Controller-Samples/Resources/XIB/DASFingerprintAuthenticatorViewController.xib"; sourceTree = "<group>"; };
		FBF59802230B304C00D9AAA6 /* DASVoiceAuthenticatorViewController.swift */ = {isa = PBXFileReference; fileEncoding = 4; lastKnownFileType = sourcecode.swift; name = DASVoiceAuthenticatorViewController.swift; path = "../../../Customization/View-Controller-Samples/Code/Swift/DASVoiceAuthenticatorViewController.swift"; sourceTree = "<group>"; };
		FBF59805230B304C00D9AAA6 /* DASPasswordAuthenticatorViewController.xib */ = {isa = PBXFileReference; fileEncoding = 4; lastKnownFileType = file.xib; name = DASPasswordAuthenticatorViewController.xib; path = "../../../Customization/View-Controller-Samples/Resources/XIB/DASPasswordAuthenticatorViewController.xib"; sourceTree = "<group>"; };
		FBF59806230B304C00D9AAA6 /* DASFaceIdAuthenticatorViewController.swift */ = {isa = PBXFileReference; fileEncoding = 4; lastKnownFileType = sourcecode.swift; name = DASFaceIdAuthenticatorViewController.swift; path = "../../../Customization/View-Controller-Samples/Code/Swift/DASFaceIdAuthenticatorViewController.swift"; sourceTree = "<group>"; };
		FBF59807230B304C00D9AAA6 /* DASFingerprintAuthenticatorViewController.swift */ = {isa = PBXFileReference; fileEncoding = 4; lastKnownFileType = sourcecode.swift; name = DASFingerprintAuthenticatorViewController.swift; path = "../../../Customization/View-Controller-Samples/Code/Swift/DASFingerprintAuthenticatorViewController.swift"; sourceTree = "<group>"; };
		FBF59809230B304C00D9AAA6 /* DASPasswordAuthenticatorViewController.swift */ = {isa = PBXFileReference; fileEncoding = 4; lastKnownFileType = sourcecode.swift; name = DASPasswordAuthenticatorViewController.swift; path = "../../../Customization/View-Controller-Samples/Code/Swift/DASPasswordAuthenticatorViewController.swift"; sourceTree = "<group>"; };
		FBF5980B230B304C00D9AAA6 /* DASAuthenticatorViewControllerBase.swift */ = {isa = PBXFileReference; fileEncoding = 4; lastKnownFileType = sourcecode.swift; name = DASAuthenticatorViewControllerBase.swift; path = "../../../Customization/View-Controller-Samples/Code/Swift/DASAuthenticatorViewControllerBase.swift"; sourceTree = "<group>"; };
/* End PBXFileReference section */

/* Begin PBXFrameworksBuildPhase section */
		FB362636220B1E0300CB5C56 /* Frameworks */ = {
			isa = PBXFrameworksBuildPhase;
			buildActionMask = 2147483647;
			files = (
				771A5C7D2EA962CE00AE29FB /* DaonAuthenticatorVoice in Frameworks */,
				771A5C7F2EA962CE00AE29FB /* DaonFIDOSDK in Frameworks */,
				771A5C7B2EA962CE00AE29FB /* DaonAuthenticatorPasscode in Frameworks */,
				771A5C792EA962CE00AE29FB /* DaonAuthenticatorFaceIFP in Frameworks */,
			);
			runOnlyForDeploymentPostprocessing = 0;
		};
/* End PBXFrameworksBuildPhase section */

/* Begin PBXGroup section */
		7772B25C2D79E51A0008F672 /* SwiftUI */ = {
			isa = PBXGroup;
			children = (
				7772B25D2D79E55A0008F672 /* ActivityIndicator.swift */,
				7772B25E2D79E55A0008F672 /* CustomUIHostingController.swift */,
				7772B25F2D79E55A0008F672 /* ErrorView.swift */,
				7772B2602D79E55A0008F672 /* FaceView.swift */,
				77A05D202DBBB82A00B5D015 /* FaceCustomView.swift */,
				77A05D222DBBB91900B5D015 /* FaceViewModel.swift */,
				778CB8402D7A430B00546981 /* VoiceView.swift */,
				7772B2612D79E55A0008F672 /* LocalAuthenticationView.swift */,
				7772B2622D79E55A0008F672 /* ORView.swift */,
				7772B2632D79E55A0008F672 /* PasscodeView.swift */,
			);
			name = SwiftUI;
			sourceTree = "<group>";
		};
		77AE2F102D3AC8BF00E0FD85 /* Service */ = {
			isa = PBXGroup;
			children = (
				77CE71132E38022B00C73763 /* RPSA */,
				77CE70F52E38019D00C73763 /* REST */,
			);
			path = Service;
			sourceTree = "<group>";
		};
		77CE70F02E38019D00C73763 /* Messages */ = {
			isa = PBXGroup;
			children = (
				77CE70E72E38019D00C73763 /* AuthenticationRequest.swift */,
				77CE70E82E38019D00C73763 /* Authenticator.swift */,
				77CE70E92E38019D00C73763 /* Authenticators.swift */,
				77CE70EA2E38019D00C73763 /* DeregistrationRequest.swift */,
				77CE70EB2E38019D00C73763 /* Policies.swift */,
				77CE70EC2E38019D00C73763 /* PolicyItem.swift */,
				77CE70ED2E38019D00C73763 /* RegistrationChallenge.swift */,
				77CE70EE2E38019D00C73763 /* User.swift */,
				77CE70EF2E38019D00C73763 /* Users.swift */,
			);
			path = Messages;
			sourceTree = "<group>";
		};
		77CE70F52E38019D00C73763 /* REST */ = {
			isa = PBXGroup;
			children = (
				77CE70F02E38019D00C73763 /* Messages */,
				77CE70F12E38019D00C73763 /* HTTP.swift */,
				77CE70F22E38019D00C73763 /* HTTPError.swift */,
				77CE70F32E38019D00C73763 /* IdentityX.swift */,
				77CE70F42E38019D00C73763 /* IXUAFRESTService.swift */,
			);
			path = REST;
			sourceTree = "<group>";
		};
		77CE710F2E38022B00C73763 /* Response */ = {
			isa = PBXGroup;
			children = (
				77CE71032E38022B00C73763 /* AuthenticatorInfo.swift */,
				77CE71042E38022B00C73763 /* BaseNetworkResponse.swift */,
				77CE71052E38022B00C73763 /* CreateAccountResponse.swift */,
				77CE71062E38022B00C73763 /* CreateSessionResponse.swift */,
				77CE71072E38022B00C73763 /* DeregisterAuthenticatorResponse.swift */,
				77CE71082E38022B00C73763 /* GetAuthenticatorResponse.swift */,
				77CE71092E38022B00C73763 /* GetPolicyResponse.swift */,
				77CE710A2E38022B00C73763 /* ListAuthenticatorsResponse.swift */,
				77CE710B2E38022B00C73763 /* RegisterAuthenticatorResponse.swift */,
				77CE710C2E38022B00C73763 /* RequestAuthenticationResponse.swift */,
				77CE710D2E38022B00C73763 /* RequestRegistrationResponse.swift */,
				77CE710E2E38022B00C73763 /* VerifyAuthenticationResponse.swift */,
			);
			path = Response;
			sourceTree = "<group>";
		};
		77CE71132E38022B00C73763 /* RPSA */ = {
			isa = PBXGroup;
			children = (
				77CE710F2E38022B00C73763 /* Response */,
				77CE71102E38022B00C73763 /* IXUAFRPSAService.swift */,
				77CE71112E38022B00C73763 /* ServerOperation.swift */,
				77CE71122E38022B00C73763 /* ServerOperationError.swift */,
			);
			path = RPSA;
			sourceTree = "<group>";
		};
		C3EA97E522E61E0000A05742 /* Controls */ = {
			isa = PBXGroup;
			children = (
				FB083676267CFBA900F124E8 /* DASCircularLevelMeter.swift */,
			);
			name = Controls;
			sourceTree = "<group>";
		};
		FB1A4A822339246000864F5F /* Frameworks */ = {
			isa = PBXGroup;
			children = (
			);
			name = Frameworks;
			sourceTree = "<group>";
		};
		FB2CF52422149B0F00846C06 /* View Controllers */ = {
			isa = PBXGroup;
			children = (
				7772B25C2D79E51A0008F672 /* SwiftUI */,
				FB752BDE22B293350054CD8F /* Authenticators */,
				FB36263E220B1E0300CB5C56 /* ViewController.swift */,
				FB2CF5282215A8C200846C06 /* StatusViewController.swift */,
				FB2CF520221491F900846C06 /* SettingsTableViewController.swift */,
			);
			name = "View Controllers";
			sourceTree = "<group>";
		};
		FB2CF52522149B3700846C06 /* Views */ = {
			isa = PBXGroup;
			children = (
				FB2CF5222214924400846C06 /* SwitchTableViewCell.swift */,
			);
			name = Views;
			sourceTree = "<group>";
		};
		FB2CF52622149BA300846C06 /* Resources */ = {
			isa = PBXGroup;
			children = (
				FBBA6DBF238C73F900BC6C25 /* DAS-Localizable.strings */,
				FBF597F6230B2FF700D9AAA6 /* DAS-Errors.strings */,
				FB362640220B1E0300CB5C56 /* Main.storyboard */,
				FB362670220C93C600CB5C56 /* Localizable.strings */,
				FB362643220B1E0600CB5C56 /* Assets.xcassets */,
				FB362645220B1E0600CB5C56 /* LaunchScreen.storyboard */,
				FB362661220B2FDE00CB5C56 /* license.txt */,
			);
			name = Resources;
			sourceTree = "<group>";
		};
		FB362630220B1E0300CB5C56 = {
			isa = PBXGroup;
			children = (
				FB36263B220B1E0300CB5C56 /* SDKDemo */,
				FB36263A220B1E0300CB5C56 /* Products */,
				FB1A4A822339246000864F5F /* Frameworks */,
			);
			sourceTree = "<group>";
		};
		FB36263A220B1E0300CB5C56 /* Products */ = {
			isa = PBXGroup;
			children = (
				FB362639220B1E0300CB5C56 /* SDKDemo.app */,
			);
			name = Products;
			sourceTree = "<group>";
		};
		FB36263B220B1E0300CB5C56 /* SDKDemo */ = {
			isa = PBXGroup;
			children = (
				77AE2F102D3AC8BF00E0FD85 /* Service */,
				FB2CF5272214BDA700846C06 /* SDKDemo.entitlements */,
				FB2CF52622149BA300846C06 /* Resources */,
				FB2CF52522149B3700846C06 /* Views */,
				FB2CF52422149B0F00846C06 /* View Controllers */,
				FB362664220B2FDE00CB5C56 /* Logging.swift */,
				FB362663220B2FDE00CB5C56 /* Settings.swift */,
				FB36263C220B1E0300CB5C56 /* AppDelegate.swift */,
				FB362648220B1E0600CB5C56 /* Info.plist */,
				FB2CF51E22148C7600846C06 /* defaultPrefs.plist */,
			);
			path = SDKDemo;
			sourceTree = "<group>";
		};
		FB752BDE22B293350054CD8F /* Authenticators */ = {
			isa = PBXGroup;
			children = (
				C3721AA22318127E0018A048 /* DAS-Images.xcassets */,
				772B6C5F2CDE40A300F1923A /* DASFaceIFPAuthenticatorViewController.swift */,
				772B6C612CDE40BF00F1923A /* DASFaceIFPAuthenticatorViewController.xib */,
				C3721AA42318128C0018A048 /* DASAndPolicyViewController.swift */,
				FBF5980B230B304C00D9AAA6 /* DASAuthenticatorViewControllerBase.swift */,
				FBF59806230B304C00D9AAA6 /* DASFaceIdAuthenticatorViewController.swift */,
				FBF597FD230B304C00D9AAA6 /* DASFaceIdAuthenticatorViewController.xib */,
				FBF59807230B304C00D9AAA6 /* DASFingerprintAuthenticatorViewController.swift */,
				FBF59800230B304C00D9AAA6 /* DASFingerprintAuthenticatorViewController.xib */,
				C3721AA62318128D0018A048 /* DASOrPolicyViewController.swift */,
				C3721AAB2318129E0018A048 /* DASOrPolicyViewController.xib */,
				FBF59809230B304C00D9AAA6 /* DASPasswordAuthenticatorViewController.swift */,
				FBF59805230B304C00D9AAA6 /* DASPasswordAuthenticatorViewController.xib */,
				FBF59802230B304C00D9AAA6 /* DASVoiceAuthenticatorViewController.swift */,
				FBF597FE230B304C00D9AAA6 /* DASVoiceAuthenticatorViewController.xib */,
				C3EA97E522E61E0000A05742 /* Controls */,
			);
			name = Authenticators;
			sourceTree = "<group>";
		};
/* End PBXGroup section */

/* Begin PBXNativeTarget section */
		FB362638220B1E0300CB5C56 /* SDKDemo */ = {
			isa = PBXNativeTarget;
			buildConfigurationList = FB36264B220B1E0600CB5C56 /* Build configuration list for PBXNativeTarget "SDKDemo" */;
			buildPhases = (
				FB362635220B1E0300CB5C56 /* Sources */,
				FB362636220B1E0300CB5C56 /* Frameworks */,
				FB362637220B1E0300CB5C56 /* Resources */,
			);
			buildRules = (
			);
			dependencies = (
			);
			name = SDKDemo;
			productName = SDKDemo;
			productReference = FB362639220B1E0300CB5C56 /* SDKDemo.app */;
			productType = "com.apple.product-type.application";
		};
/* End PBXNativeTarget section */

/* Begin PBXProject section */
		FB362631220B1E0300CB5C56 /* Project object */ = {
			isa = PBXProject;
			attributes = {
				BuildIndependentTargetsInParallel = YES;
				LastSwiftUpdateCheck = 1010;
				LastUpgradeCheck = 1620;
				ORGANIZATIONNAME = Daon;
				TargetAttributes = {
					FB362638220B1E0300CB5C56 = {
						CreatedOnToolsVersion = 10.1;
						LastSwiftMigration = 1100;
						SystemCapabilities = {
							com.apple.Push = {
								enabled = 1;
							};
						};
					};
				};
			};
			buildConfigurationList = FB362634220B1E0300CB5C56 /* Build configuration list for PBXProject "SDKDemo" */;
			compatibilityVersion = "Xcode 9.3";
			developmentRegion = en;
			hasScannedForEncodings = 0;
			knownRegions = (
				en,
				Base,
			);
			mainGroup = FB362630220B1E0300CB5C56;
			packageReferences = (
				776681DD2F36646800266703 /* XCRemoteSwiftPackageReference "fido-sdk-ios" */,
			);
			productRefGroup = FB36263A220B1E0300CB5C56 /* Products */;
			projectDirPath = "";
			projectRoot = "";
			targets = (
				FB362638220B1E0300CB5C56 /* SDKDemo */,
			);
		};
/* End PBXProject section */

/* Begin PBXResourcesBuildPhase section */
		FB362637220B1E0300CB5C56 /* Resources */ = {
			isa = PBXResourcesBuildPhase;
			buildActionMask = 2147483647;
			files = (
				FBF59814230B304D00D9AAA6 /* DASFingerprintAuthenticatorViewController.xib in Resources */,
				C3721AA32318127E0018A048 /* DAS-Images.xcassets in Resources */,
				C3721AAD2318129E0018A048 /* DASOrPolicyViewController.xib in Resources */,
				772B6C622CDE40BF00F1923A /* DASFaceIFPAuthenticatorViewController.xib in Resources */,
				FB362674220C93C600CB5C56 /* Localizable.strings in Resources */,
				FB36266B220B2FDE00CB5C56 /* license.txt in Resources */,
				FBBA6DC0238C73F900BC6C25 /* DAS-Localizable.strings in Resources */,
				FBF59819230B304D00D9AAA6 /* DASPasswordAuthenticatorViewController.xib in Resources */,
				FB2CF51F22148C7600846C06 /* defaultPrefs.plist in Resources */,
				FB362647220B1E0600CB5C56 /* LaunchScreen.storyboard in Resources */,
				FBF59812230B304D00D9AAA6 /* DASVoiceAuthenticatorViewController.xib in Resources */,
				FBF597F7230B2FF700D9AAA6 /* DAS-Errors.strings in Resources */,
				FB362644220B1E0600CB5C56 /* Assets.xcassets in Resources */,
				FB362642220B1E0300CB5C56 /* Main.storyboard in Resources */,
				FBF59811230B304D00D9AAA6 /* DASFaceIdAuthenticatorViewController.xib in Resources */,
			);
			runOnlyForDeploymentPostprocessing = 0;
		};
/* End PBXResourcesBuildPhase section */

/* Begin PBXSourcesBuildPhase section */
		FB362635220B1E0300CB5C56 /* Sources */ = {
			isa = PBXSourcesBuildPhase;
			buildActionMask = 2147483647;
			files = (
				FB36263F220B1E0300CB5C56 /* ViewController.swift in Sources */,
				FBF5981B230B304D00D9AAA6 /* DASFingerprintAuthenticatorViewController.swift in Sources */,
				FBF5981A230B304D00D9AAA6 /* DASFaceIdAuthenticatorViewController.swift in Sources */,
				FBF5981F230B304D00D9AAA6 /* DASAuthenticatorViewControllerBase.swift in Sources */,
				FB083678267CFBA900F124E8 /* DASCircularLevelMeter.swift in Sources */,
				C3721AA72318128D0018A048 /* DASAndPolicyViewController.swift in Sources */,
				FB36266E220B2FDE00CB5C56 /* Logging.swift in Sources */,
				C3721AA92318128D0018A048 /* DASOrPolicyViewController.swift in Sources */,
				FBF59816230B304D00D9AAA6 /* DASVoiceAuthenticatorViewController.swift in Sources */,
				FB2CF5292215A8C200846C06 /* StatusViewController.swift in Sources */,
				FB2CF5232214924400846C06 /* SwitchTableViewCell.swift in Sources */,
				77A05D212DBBB83E00B5D015 /* FaceCustomView.swift in Sources */,
				7772B2642D79E55A0008F672 /* CustomUIHostingController.swift in Sources */,
				7772B2652D79E55A0008F672 /* LocalAuthenticationView.swift in Sources */,
				7772B2662D79E55A0008F672 /* PasscodeView.swift in Sources */,
				7772B2672D79E55A0008F672 /* ErrorView.swift in Sources */,
				7772B2682D79E55A0008F672 /* ActivityIndicator.swift in Sources */,
				7772B2692D79E55A0008F672 /* FaceView.swift in Sources */,
				7772B26A2D79E55A0008F672 /* ORView.swift in Sources */,
				FB36266D220B2FDE00CB5C56 /* Settings.swift in Sources */,
				FB2CF521221491F900846C06 /* SettingsTableViewController.swift in Sources */,
				77CE70F62E38019D00C73763 /* IdentityX.swift in Sources */,
				77CE70F72E38019D00C73763 /* IXUAFRESTService.swift in Sources */,
				77CE70F82E38019D00C73763 /* DeregistrationRequest.swift in Sources */,
				77CE70F92E38019D00C73763 /* Users.swift in Sources */,
				77CE71142E38022B00C73763 /* RegisterAuthenticatorResponse.swift in Sources */,
				77CE71152E38022B00C73763 /* CreateAccountResponse.swift in Sources */,
				77CE71162E38022B00C73763 /* VerifyAuthenticationResponse.swift in Sources */,
				77CE71172E38022B00C73763 /* GetAuthenticatorResponse.swift in Sources */,
				77CE71182E38022B00C73763 /* AuthenticatorInfo.swift in Sources */,
				77CE71192E38022B00C73763 /* ServerOperationError.swift in Sources */,
				77CE711A2E38022B00C73763 /* GetPolicyResponse.swift in Sources */,
				77CE711B2E38022B00C73763 /* CreateSessionResponse.swift in Sources */,
				77CE711C2E38022B00C73763 /* ListAuthenticatorsResponse.swift in Sources */,
				77CE711D2E38022B00C73763 /* DeregisterAuthenticatorResponse.swift in Sources */,
				77CE711E2E38022B00C73763 /* IXUAFRPSAService.swift in Sources */,
				77CE711F2E38022B00C73763 /* ServerOperation.swift in Sources */,
				77CE71202E38022B00C73763 /* RequestAuthenticationResponse.swift in Sources */,
				77CE71212E38022B00C73763 /* RequestRegistrationResponse.swift in Sources */,
				77CE71222E38022B00C73763 /* BaseNetworkResponse.swift in Sources */,
				77CE70FA2E38019D00C73763 /* RegistrationChallenge.swift in Sources */,
				77CE70FB2E38019D00C73763 /* HTTP.swift in Sources */,
				77CE70FC2E38019D00C73763 /* HTTPError.swift in Sources */,
				77CE70FD2E38019D00C73763 /* Authenticators.swift in Sources */,
				77CE70FE2E38019D00C73763 /* User.swift in Sources */,
				77CE70FF2E38019D00C73763 /* PolicyItem.swift in Sources */,
				77CE71002E38019D00C73763 /* AuthenticationRequest.swift in Sources */,
				77CE71012E38019D00C73763 /* Authenticator.swift in Sources */,
				77CE71022E38019D00C73763 /* Policies.swift in Sources */,
				778CB8412D7A430B00546981 /* VoiceView.swift in Sources */,
				FB36263D220B1E0300CB5C56 /* AppDelegate.swift in Sources */,
				77A05D232DBBB92500B5D015 /* FaceViewModel.swift in Sources */,
				FBF5981D230B304D00D9AAA6 /* DASPasswordAuthenticatorViewController.swift in Sources */,
				772B6C602CDE40A300F1923A /* DASFaceIFPAuthenticatorViewController.swift in Sources */,
			);
			runOnlyForDeploymentPostprocessing = 0;
		};
/* End PBXSourcesBuildPhase section */

/* Begin PBXVariantGroup section */
		FB362640220B1E0300CB5C56 /* Main.storyboard */ = {
			isa = PBXVariantGroup;
			children = (
				FB362641220B1E0300CB5C56 /* Base */,
			);
			name = Main.storyboard;
			sourceTree = "<group>";
		};
		FB362645220B1E0600CB5C56 /* LaunchScreen.storyboard */ = {
			isa = PBXVariantGroup;
			children = (
				FB362646220B1E0600CB5C56 /* Base */,
			);
			name = LaunchScreen.storyboard;
			sourceTree = "<group>";
		};
		FB362670220C93C600CB5C56 /* Localizable.strings */ = {
			isa = PBXVariantGroup;
			children = (
				FB362671220C93C600CB5C56 /* Base */,
			);
			name = Localizable.strings;
			sourceTree = "<group>";
		};
/* End PBXVariantGroup section */

/* Begin XCBuildConfiguration section */
		FB362649220B1E0600CB5C56 /* Debug */ = {
			isa = XCBuildConfiguration;
			buildSettings = {
				ALWAYS_SEARCH_USER_PATHS = NO;
				ASSETCATALOG_COMPILER_GENERATE_SWIFT_ASSET_SYMBOL_EXTENSIONS = YES;
				CLANG_ANALYZER_NONNULL = YES;
				CLANG_ANALYZER_NUMBER_OBJECT_CONVERSION = YES_AGGRESSIVE;
				CLANG_CXX_LANGUAGE_STANDARD = "gnu++14";
				CLANG_CXX_LIBRARY = "libc++";
				CLANG_ENABLE_MODULES = YES;
				CLANG_ENABLE_OBJC_ARC = YES;
				CLANG_ENABLE_OBJC_WEAK = YES;
				CLANG_WARN_BLOCK_CAPTURE_AUTORELEASING = YES;
				CLANG_WARN_BOOL_CONVERSION = YES;
				CLANG_WARN_COMMA = YES;
				CLANG_WARN_CONSTANT_CONVERSION = YES;
				CLANG_WARN_DEPRECATED_OBJC_IMPLEMENTATIONS = YES;
				CLANG_WARN_DIRECT_OBJC_ISA_USAGE = YES_ERROR;
				CLANG_WARN_DOCUMENTATION_COMMENTS = YES;
				CLANG_WARN_EMPTY_BODY = YES;
				CLANG_WARN_ENUM_CONVERSION = YES;
				CLANG_WARN_INFINITE_RECURSION = YES;
				CLANG_WARN_INT_CONVERSION = YES;
				CLANG_WARN_NON_LITERAL_NULL_CONVERSION = YES;
				CLANG_WARN_OBJC_IMPLICIT_RETAIN_SELF = YES;
				CLANG_WARN_OBJC_LITERAL_CONVERSION = YES;
				CLANG_WARN_OBJC_ROOT_CLASS = YES_ERROR;
				CLANG_WARN_QUOTED_INCLUDE_IN_FRAMEWORK_HEADER = YES;
				CLANG_WARN_RANGE_LOOP_ANALYSIS = YES;
				CLANG_WARN_STRICT_PROTOTYPES = YES;
				CLANG_WARN_SUSPICIOUS_MOVE = YES;
				CLANG_WARN_UNGUARDED_AVAILABILITY = YES_AGGRESSIVE;
				CLANG_WARN_UNREACHABLE_CODE = YES;
				CLANG_WARN__DUPLICATE_METHOD_MATCH = YES;
				CODE_SIGN_IDENTITY = "iPhone Developer";
				COPY_PHASE_STRIP = NO;
				DEBUG_INFORMATION_FORMAT = dwarf;
				ENABLE_STRICT_OBJC_MSGSEND = YES;
				ENABLE_TESTABILITY = YES;
				ENABLE_USER_SCRIPT_SANDBOXING = YES;
				GCC_C_LANGUAGE_STANDARD = gnu11;
				GCC_DYNAMIC_NO_PIC = NO;
				GCC_NO_COMMON_BLOCKS = YES;
				GCC_OPTIMIZATION_LEVEL = 0;
				GCC_PREPROCESSOR_DEFINITIONS = (
					"DEBUG=1",
					"$(inherited)",
				);
				GCC_WARN_64_TO_32_BIT_CONVERSION = YES;
				GCC_WARN_ABOUT_RETURN_TYPE = YES_ERROR;
				GCC_WARN_UNDECLARED_SELECTOR = YES;
				GCC_WARN_UNINITIALIZED_AUTOS = YES_AGGRESSIVE;
				GCC_WARN_UNUSED_FUNCTION = YES;
				GCC_WARN_UNUSED_VARIABLE = YES;
				IPHONEOS_DEPLOYMENT_TARGET = 12.1;
				MTL_ENABLE_DEBUG_INFO = INCLUDE_SOURCE;
				MTL_FAST_MATH = YES;
				ONLY_ACTIVE_ARCH = YES;
				SDKROOT = iphoneos;
				SWIFT_ACTIVE_COMPILATION_CONDITIONS = DEBUG;
				SWIFT_OPTIMIZATION_LEVEL = "-Onone";
			};
			name = Debug;
		};
		FB36264A220B1E0600CB5C56 /* Release */ = {
			isa = XCBuildConfiguration;
			buildSettings = {
				ALWAYS_SEARCH_USER_PATHS = NO;
				ASSETCATALOG_COMPILER_GENERATE_SWIFT_ASSET_SYMBOL_EXTENSIONS = YES;
				CLANG_ANALYZER_NONNULL = YES;
				CLANG_ANALYZER_NUMBER_OBJECT_CONVERSION = YES_AGGRESSIVE;
				CLANG_CXX_LANGUAGE_STANDARD = "gnu++14";
				CLANG_CXX_LIBRARY = "libc++";
				CLANG_ENABLE_MODULES = YES;
				CLANG_ENABLE_OBJC_ARC = YES;
				CLANG_ENABLE_OBJC_WEAK = YES;
				CLANG_WARN_BLOCK_CAPTURE_AUTORELEASING = YES;
				CLANG_WARN_BOOL_CONVERSION = YES;
				CLANG_WARN_COMMA = YES;
				CLANG_WARN_CONSTANT_CONVERSION = YES;
				CLANG_WARN_DEPRECATED_OBJC_IMPLEMENTATIONS = YES;
				CLANG_WARN_DIRECT_OBJC_ISA_USAGE = YES_ERROR;
				CLANG_WARN_DOCUMENTATION_COMMENTS = YES;
				CLANG_WARN_EMPTY_BODY = YES;
				CLANG_WARN_ENUM_CONVERSION = YES;
				CLANG_WARN_INFINITE_RECURSION = YES;
				CLANG_WARN_INT_CONVERSION = YES;
				CLANG_WARN_NON_LITERAL_NULL_CONVERSION = YES;
				CLANG_WARN_OBJC_IMPLICIT_RETAIN_SELF = YES;
				CLANG_WARN_OBJC_LITERAL_CONVERSION = YES;
				CLANG_WARN_OBJC_ROOT_CLASS = YES_ERROR;
				CLANG_WARN_QUOTED_INCLUDE_IN_FRAMEWORK_HEADER = YES;
				CLANG_WARN_RANGE_LOOP_ANALYSIS = YES;
				CLANG_WARN_STRICT_PROTOTYPES = YES;
				CLANG_WARN_SUSPICIOUS_MOVE = YES;
				CLANG_WARN_UNGUARDED_AVAILABILITY = YES_AGGRESSIVE;
				CLANG_WARN_UNREACHABLE_CODE = YES;
				CLANG_WARN__DUPLICATE_METHOD_MATCH = YES;
				CODE_SIGN_IDENTITY = "iPhone Developer";
				COPY_PHASE_STRIP = NO;
				DEBUG_INFORMATION_FORMAT = "dwarf-with-dsym";
				ENABLE_NS_ASSERTIONS = NO;
				ENABLE_STRICT_OBJC_MSGSEND = YES;
				ENABLE_USER_SCRIPT_SANDBOXING = YES;
				GCC_C_LANGUAGE_STANDARD = gnu11;
				GCC_NO_COMMON_BLOCKS = YES;
				GCC_WARN_64_TO_32_BIT_CONVERSION = YES;
				GCC_WARN_ABOUT_RETURN_TYPE = YES_ERROR;
				GCC_WARN_UNDECLARED_SELECTOR = YES;
				GCC_WARN_UNINITIALIZED_AUTOS = YES_AGGRESSIVE;
				GCC_WARN_UNUSED_FUNCTION = YES;
				GCC_WARN_UNUSED_VARIABLE = YES;
				IPHONEOS_DEPLOYMENT_TARGET = 12.1;
				MTL_ENABLE_DEBUG_INFO = NO;
				MTL_FAST_MATH = YES;
				SDKROOT = iphoneos;
				SWIFT_COMPILATION_MODE = wholemodule;
				SWIFT_OPTIMIZATION_LEVEL = "-O";
				VALIDATE_PRODUCT = YES;
			};
			name = Release;
		};
		FB36264C220B1E0600CB5C56 /* Debug */ = {
			isa = XCBuildConfiguration;
			buildSettings = {
				ASSETCATALOG_COMPILER_APPICON_NAME = AppIcon;
				CODE_SIGN_ENTITLEMENTS = SDKDemo/SDKDemo.entitlements;
				CODE_SIGN_STYLE = Automatic;
				DEVELOPMENT_TEAM = X35FV693K3;
				ENABLE_BITCODE = NO;
				FRAMEWORK_SEARCH_PATHS = "$(PROJECT_DIR)/../../Frameworks/**";
				INFOPLIST_FILE = SDKDemo/Info.plist;
				IPHONEOS_DEPLOYMENT_TARGET = 13.0;
				LD_RUNPATH_SEARCH_PATHS = (
					"$(inherited)",
					"@executable_path/Frameworks",
				);
				OTHER_LDFLAGS = "-Wl,-weak-lswiftCoreGraphics";
				PRODUCT_BUNDLE_IDENTIFIER = com.daon.sdk.fido.demo;
				PRODUCT_NAME = "$(TARGET_NAME)";
				SWIFT_VERSION = 6.0;
				SYSTEM_FRAMEWORK_SEARCH_PATHS = "$(PROJECT_DIR)/../../Frameworks/**";
				TARGETED_DEVICE_FAMILY = "1,2";
				VALIDATE_WORKSPACE = NO;
			};
			name = Debug;
		};
		FB36264D220B1E0600CB5C56 /* Release */ = {
			isa = XCBuildConfiguration;
			buildSettings = {
				ASSETCATALOG_COMPILER_APPICON_NAME = AppIcon;
				CODE_SIGN_ENTITLEMENTS = SDKDemo/SDKDemo.entitlements;
				CODE_SIGN_STYLE = Automatic;
				DEVELOPMENT_TEAM = X35FV693K3;
				ENABLE_BITCODE = NO;
				FRAMEWORK_SEARCH_PATHS = "$(PROJECT_DIR)/../../Frameworks/**";
				INFOPLIST_FILE = SDKDemo/Info.plist;
				IPHONEOS_DEPLOYMENT_TARGET = 13.0;
				LD_RUNPATH_SEARCH_PATHS = (
					"$(inherited)",
					"@executable_path/Frameworks",
				);
				OTHER_LDFLAGS = "-Wl,-weak-lswiftCoreGraphics";
				PRODUCT_BUNDLE_IDENTIFIER = com.daon.sdk.fido.demo;
				PRODUCT_NAME = "$(TARGET_NAME)";
				SWIFT_VERSION = 6.0;
				SYSTEM_FRAMEWORK_SEARCH_PATHS = "$(PROJECT_DIR)/../../Frameworks/**";
				TARGETED_DEVICE_FAMILY = "1,2";
				VALIDATE_WORKSPACE = NO;
			};
			name = Release;
		};
/* End XCBuildConfiguration section */

/* Begin XCConfigurationList section */
		FB362634220B1E0300CB5C56 /* Build configuration list for PBXProject "SDKDemo" */ = {
			isa = XCConfigurationList;
			buildConfigurations = (
				FB362649220B1E0600CB5C56 /* Debug */,
				FB36264A220B1E0600CB5C56 /* Release */,
			);
			defaultConfigurationIsVisible = 0;
			defaultConfigurationName = Release;
		};
		FB36264B220B1E0600CB5C56 /* Build configuration list for PBXNativeTarget "SDKDemo" */ = {
			isa = XCConfigurationList;
			buildConfigurations = (
				FB36264C220B1E0600CB5C56 /* Debug */,
				FB36264D220B1E0600CB5C56 /* Release */,
			);
			defaultConfigurationIsVisible = 0;
			defaultConfigurationName = Release;
		};
/* End XCConfigurationList section */

/* Begin XCRemoteSwiftPackageReference section */
		776681DD2F36646800266703 /* XCRemoteSwiftPackageReference "fido-sdk-ios" */ = {
			isa = XCRemoteSwiftPackageReference;
			repositoryURL = "https://github.com/daoninc/fido-sdk-ios";
			requirement = {
				kind = upToNextMajorVersion;
				minimumVersion = 4.9.244;
			};
		};
/* End XCRemoteSwiftPackageReference section */

/* Begin XCSwiftPackageProductDependency section */
		771A5C782EA962CE00AE29FB /* DaonAuthenticatorFaceIFP */ = {
			isa = XCSwiftPackageProductDependency;
			productName = DaonAuthenticatorFaceIFP;
		};
		771A5C7A2EA962CE00AE29FB /* DaonAuthenticatorPasscode */ = {
			isa = XCSwiftPackageProductDependency;
			productName = DaonAuthenticatorPasscode;
		};
		771A5C7C2EA962CE00AE29FB /* DaonAuthenticatorVoice */ = {
			isa = XCSwiftPackageProductDependency;
			productName = DaonAuthenticatorVoice;
		};
		771A5C7E2EA962CE00AE29FB /* DaonFIDOSDK */ = {
			isa = XCSwiftPackageProductDependency;
			productName = DaonFIDOSDK;
		};
/* End XCSwiftPackageProductDependency section */
	};
	rootObject = FB362631220B1E0300CB5C56 /* Project object */;
}
