{
  "originHash" : "80d8fd6b5de628065b65ccd5952bd22a81c619c226d64bae2bbe9ffc2df635cf",
  "pins" : [
    {
      "identity" : "fido-sdk-ios",
      "kind" : "remoteSourceControl",
      "location" : "https://github.com/daoninc/fido-sdk-ios",
      "state" : {
        "revision" : "5e860e291dc386ec9140e08d6c285494eb56ae1b",
        "version" : "4.9.244"
      }
    }
  ],
  "version" : 3
}
