{
  "originHash" : "80d8fd6b5de628065b65ccd5952bd22a81c619c226d64bae2bbe9ffc2df635cf",
  "pins" : [
    {
      "identity" : "fido-sdk-ios",
      "kind" : "remoteSourceControl",
      "location" : "https://github.com/daoninc/fido-sdk-ios",
      "state" : {
        "revision" : "741721958c064a8095411d0e075409ba44acf1aa",
        "version" : "4.9.260"
      }
    }
  ],
  "version" : 3
}
