{
  "originHash" : "80d8fd6b5de628065b65ccd5952bd22a81c619c226d64bae2bbe9ffc2df635cf",
  "pins" : [
    {
      "identity" : "fido-sdk-ios",
      "kind" : "remoteSourceControl",
      "location" : "https://github.com/daoninc/fido-sdk-ios",
      "state" : {
        "revision" : "f39a228fe55b7d817519e326588dddc97de9f8dd",
        "version" : "4.9.177"
      }
    }
  ],
  "version" : 3
}
